
Microsoft Visual Studio Solution File, Format Version 12.00
# Visual Studio Version 17
VisualStudioVersion = 17.0.31903.59
MinimumVisualStudioVersion = 10.0.40219.1
Project("{2150E333-8FDC-42A3-9474-1A3956D46DE8}") = "src", "src", "{827E0CD3-B72D-47B6-A68D-7590B98EB39B}"
EndProject
Project("{FAE04EC0-301F-11D3-BF4B-00C04F79EFBC}") = "OrderingSystem.Api", "src\OrderingSystem.Api\OrderingSystem.Api.csproj", "{C890D446-9D9F-4790-B3DC-7F7B0016A53E}"
EndProject
Project("{FAE04EC0-301F-11D3-BF4B-00C04F79EFBC}") = "OrderingSystem.Application", "src\OrderingSystem.Application\OrderingSystem.Application.csproj", "{718D0664-DE87-4E67-ACD5-4E5B381EC7E3}"
EndProject
Project("{FAE04EC0-301F-11D3-BF4B-00C04F79EFBC}") = "OrderingSystem.Domain", "src\OrderingSystem.Domain\OrderingSystem.Domain.csproj", "{B7669882-D6C4-474D-99E3-FCE5B88E5E75}"
EndProject
Project("{FAE04EC0-301F-11D3-BF4B-00C04F79EFBC}") = "OrderingSystem.Infrastructure", "src\OrderingSystem.Infrastructure\OrderingSystem.Infrastructure.csproj", "{31888198-BFE9-4BE4-8567-7524BA7BCDC9}"
EndProject
Project("{FAE04EC0-301F-11D3-BF4B-00C04F79EFBC}") = "OrderingSystem.LLMWorker", "src\OrderingSystem.LLMWorker\OrderingSystem.LLMWorker.csproj", "{1933781C-EA11-481D-94CE-9D0120E949B5}"
EndProject
Project("{FAE04EC0-301F-11D3-BF4B-00C04F79EFBC}") = "OrderingSystem.TestProducer", "src\OrderingSystem.TestProducer\OrderingSystem.TestProducer.csproj", "{72CD4E77-EAC8-4EAA-B231-F2D35898AB9A}"
EndProject
Global
	GlobalSection(SolutionConfigurationPlatforms) = preSolution
		Debug|Any CPU = Debug|Any CPU
		Debug|x64 = Debug|x64
		Debug|x86 = Debug|x86
		Release|Any CPU = Release|Any CPU
		Release|x64 = Release|x64
		Release|x86 = Release|x86
	EndGlobalSection
	GlobalSection(ProjectConfigurationPlatforms) = postSolution
		{C890D446-9D9F-4790-B3DC-7F7B0016A53E}.Debug|Any CPU.ActiveCfg = Debug|Any CPU
		{C890D446-9D9F-4790-B3DC-7F7B0016A53E}.Debug|Any CPU.Build.0 = Debug|Any CPU
		{C890D446-9D9F-4790-B3DC-7F7B0016A53E}.Debug|x64.ActiveCfg = Debug|Any CPU
		{C890D446-9D9F-4790-B3DC-7F7B0016A53E}.Debug|x64.Build.0 = Debug|Any CPU
		{C890D446-9D9F-4790-B3DC-7F7B0016A53E}.Debug|x86.ActiveCfg = Debug|Any CPU
		{C890D446-9D9F-4790-B3DC-7F7B0016A53E}.Debug|x86.Build.0 = Debug|Any CPU
		{C890D446-9D9F-4790-B3DC-7F7B0016A53E}.Release|Any CPU.ActiveCfg = Release|Any CPU
		{C890D446-9D9F-4790-B3DC-7F7B0016A53E}.Release|Any CPU.Build.0 = Release|Any CPU
		{C890D446-9D9F-4790-B3DC-7F7B0016A53E}.Release|x64.ActiveCfg = Release|Any CPU
		{C890D446-9D9F-4790-B3DC-7F7B0016A53E}.Release|x64.Build.0 = Release|Any CPU
		{C890D446-9D9F-4790-B3DC-7F7B0016A53E}.Release|x86.ActiveCfg = Release|Any CPU
		{C890D446-9D9F-4790-B3DC-7F7B0016A53E}.Release|x86.Build.0 = Release|Any CPU
		{718D0664-DE87-4E67-ACD5-4E5B381EC7E3}.Debug|Any CPU.ActiveCfg = Debug|Any CPU
		{718D0664-DE87-4E67-ACD5-4E5B381EC7E3}.Debug|Any CPU.Build.0 = Debug|Any CPU
		{718D0664-DE87-4E67-ACD5-4E5B381EC7E3}.Debug|x64.ActiveCfg = Debug|Any CPU
		{718D0664-DE87-4E67-ACD5-4E5B381EC7E3}.Debug|x64.Build.0 = Debug|Any CPU
		{718D0664-DE87-4E67-ACD5-4E5B381EC7E3}.Debug|x86.ActiveCfg = Debug|Any CPU
		{718D0664-DE87-4E67-ACD5-4E5B381EC7E3}.Debug|x86.Build.0 = Debug|Any CPU
		{718D0664-DE87-4E67-ACD5-4E5B381EC7E3}.Release|Any CPU.ActiveCfg = Release|Any CPU
		{718D0664-DE87-4E67-ACD5-4E5B381EC7E3}.Release|Any CPU.Build.0 = Release|Any CPU
		{718D0664-DE87-4E67-ACD5-4E5B381EC7E3}.Release|x64.ActiveCfg = Release|Any CPU
		{718D0664-DE87-4E67-ACD5-4E5B381EC7E3}.Release|x64.Build.0 = Release|Any CPU
		{718D0664-DE87-4E67-ACD5-4E5B381EC7E3}.Release|x86.ActiveCfg = Release|Any CPU
		{718D0664-DE87-4E67-ACD5-4E5B381EC7E3}.Release|x86.Build.0 = Release|Any CPU
		{B7669882-D6C4-474D-99E3-FCE5B88E5E75}.Debug|Any CPU.ActiveCfg = Debug|Any CPU
		{B7669882-D6C4-474D-99E3-FCE5B88E5E75}.Debug|Any CPU.Build.0 = Debug|Any CPU
		{B7669882-D6C4-474D-99E3-FCE5B88E5E75}.Debug|x64.ActiveCfg = Debug|Any CPU
		{B7669882-D6C4-474D-99E3-FCE5B88E5E75}.Debug|x64.Build.0 = Debug|Any CPU
		{B7669882-D6C4-474D-99E3-FCE5B88E5E75}.Debug|x86.ActiveCfg = Debug|Any CPU
		{B7669882-D6C4-474D-99E3-FCE5B88E5E75}.Debug|x86.Build.0 = Debug|Any CPU
		{B7669882-D6C4-474D-99E3-FCE5B88E5E75}.Release|Any CPU.ActiveCfg = Release|Any CPU
		{B7669882-D6C4-474D-99E3-FCE5B88E5E75}.Release|Any CPU.Build.0 = Release|Any CPU
		{B7669882-D6C4-474D-99E3-FCE5B88E5E75}.Release|x64.ActiveCfg = Release|Any CPU
		{B7669882-D6C4-474D-99E3-FCE5B88E5E75}.Release|x64.Build.0 = Release|Any CPU
		{B7669882-D6C4-474D-99E3-FCE5B88E5E75}.Release|x86.ActiveCfg = Release|Any CPU
		{B7669882-D6C4-474D-99E3-FCE5B88E5E75}.Release|x86.Build.0 = Release|Any CPU
		{31888198-BFE9-4BE4-8567-7524BA7BCDC9}.Debug|Any CPU.ActiveCfg = Debug|Any CPU
		{31888198-BFE9-4BE4-8567-7524BA7BCDC9}.Debug|Any CPU.Build.0 = Debug|Any CPU
		{31888198-BFE9-4BE4-8567-7524BA7BCDC9}.Debug|x64.ActiveCfg = Debug|Any CPU
		{31888198-BFE9-4BE4-8567-7524BA7BCDC9}.Debug|x64.Build.0 = Debug|Any CPU
		{31888198-BFE9-4BE4-8567-7524BA7BCDC9}.Debug|x86.ActiveCfg = Debug|Any CPU
		{31888198-BFE9-4BE4-8567-7524BA7BCDC9}.Debug|x86.Build.0 = Debug|Any CPU
		{31888198-BFE9-4BE4-8567-7524BA7BCDC9}.Release|Any CPU.ActiveCfg = Release|Any CPU
		{31888198-BFE9-4BE4-8567-7524BA7BCDC9}.Release|Any CPU.Build.0 = Release|Any CPU
		{31888198-BFE9-4BE4-8567-7524BA7BCDC9}.Release|x64.ActiveCfg = Release|Any CPU
		{31888198-BFE9-4BE4-8567-7524BA7BCDC9}.Release|x64.Build.0 = Release|Any CPU
		{31888198-BFE9-4BE4-8567-7524BA7BCDC9}.Release|x86.ActiveCfg = Release|Any CPU
		{31888198-BFE9-4BE4-8567-7524BA7BCDC9}.Release|x86.Build.0 = Release|Any CPU
		{1933781C-EA11-481D-94CE-9D0120E949B5}.Debug|Any CPU.ActiveCfg = Debug|Any CPU
		{1933781C-EA11-481D-94CE-9D0120E949B5}.Debug|Any CPU.Build.0 = Debug|Any CPU
		{1933781C-EA11-481D-94CE-9D0120E949B5}.Debug|x64.ActiveCfg = Debug|Any CPU
		{1933781C-EA11-481D-94CE-9D0120E949B5}.Debug|x64.Build.0 = Debug|Any CPU
		{1933781C-EA11-481D-94CE-9D0120E949B5}.Debug|x86.ActiveCfg = Debug|Any CPU
		{1933781C-EA11-481D-94CE-9D0120E949B5}.Debug|x86.Build.0 = Debug|Any CPU
		{1933781C-EA11-481D-94CE-9D0120E949B5}.Release|Any CPU.ActiveCfg = Release|Any CPU
		{1933781C-EA11-481D-94CE-9D0120E949B5}.Release|Any CPU.Build.0 = Release|Any CPU
		{1933781C-EA11-481D-94CE-9D0120E949B5}.Release|x64.ActiveCfg = Release|Any CPU
		{1933781C-EA11-481D-94CE-9D0120E949B5}.Release|x64.Build.0 = Release|Any CPU
		{1933781C-EA11-481D-94CE-9D0120E949B5}.Release|x86.ActiveCfg = Release|Any CPU
		{1933781C-EA11-481D-94CE-9D0120E949B5}.Release|x86.Build.0 = Release|Any CPU
		{72CD4E77-EAC8-4EAA-B231-F2D35898AB9A}.Debug|Any CPU.ActiveCfg = Debug|Any CPU
		{72CD4E77-EAC8-4EAA-B231-F2D35898AB9A}.Debug|Any CPU.Build.0 = Debug|Any CPU
		{72CD4E77-EAC8-4EAA-B231-F2D35898AB9A}.Debug|x64.ActiveCfg = Debug|Any CPU
		{72CD4E77-EAC8-4EAA-B231-F2D35898AB9A}.Debug|x64.Build.0 = Debug|Any CPU
		{72CD4E77-EAC8-4EAA-B231-F2D35898AB9A}.Debug|x86.ActiveCfg = Debug|Any CPU
		{72CD4E77-EAC8-4EAA-B231-F2D35898AB9A}.Debug|x86.Build.0 = Debug|Any CPU
		{72CD4E77-EAC8-4EAA-B231-F2D35898AB9A}.Release|Any CPU.ActiveCfg = Release|Any CPU
		{72CD4E77-EAC8-4EAA-B231-F2D35898AB9A}.Release|Any CPU.Build.0 = Release|Any CPU
		{72CD4E77-EAC8-4EAA-B231-F2D35898AB9A}.Release|x64.ActiveCfg = Release|Any CPU
		{72CD4E77-EAC8-4EAA-B231-F2D35898AB9A}.Release|x64.Build.0 = Release|Any CPU
		{72CD4E77-EAC8-4EAA-B231-F2D35898AB9A}.Release|x86.ActiveCfg = Release|Any CPU
		{72CD4E77-EAC8-4EAA-B231-F2D35898AB9A}.Release|x86.Build.0 = Release|Any CPU
	EndGlobalSection
	GlobalSection(SolutionProperties) = preSolution
		HideSolutionNode = FALSE
	EndGlobalSection
	GlobalSection(NestedProjects) = preSolution
		{C890D446-9D9F-4790-B3DC-7F7B0016A53E} = {827E0CD3-B72D-47B6-A68D-7590B98EB39B}
		{718D0664-DE87-4E67-ACD5-4E5B381EC7E3} = {827E0CD3-B72D-47B6-A68D-7590B98EB39B}
		{B7669882-D6C4-474D-99E3-FCE5B88E5E75} = {827E0CD3-B72D-47B6-A68D-7590B98EB39B}
		{31888198-BFE9-4BE4-8567-7524BA7BCDC9} = {827E0CD3-B72D-47B6-A68D-7590B98EB39B}
		{1933781C-EA11-481D-94CE-9D0120E949B5} = {827E0CD3-B72D-47B6-A68D-7590B98EB39B}
		{72CD4E77-EAC8-4EAA-B231-F2D35898AB9A} = {827E0CD3-B72D-47B6-A68D-7590B98EB39B}
	EndGlobalSection
EndGlobal
